GEM
  remote: https://rubygems.org/
  specs:
    activemodel (8.1.2)
      activesupport (= 8.1.2)
    activerecord (8.1.2)
      activemodel (= 8.1.2)
      activesupport (= 8.1.2)
      timeout (>= 0.4.0)
    activesupport (8.1.2)
      base64
      bigdecimal
      concurrent-ruby (~> 1.0, >= 1.3.1)
      connection_pool (>= 2.2.5)
      drb
      i18n (>= 1.6, < 2)
      json
      logger (>= 1.4.2)
      minitest (>= 5.1)
      securerandom (>= 0.3)
      tzinfo (~> 2.0, >= 2.0.5)
      uri (>= 0.13.1)
    addressable (2.8.8)
      public_suffix (>= 2.0.2, < 8.0)
    archive-zip (0.13.1)
      io-like (~> 0.4.0)
    ast (2.4.3)
    aws-eventstream (1.4.0)
    aws-partitions (1.1201.0)
    aws-sdk-core (3.241.3)
      aws-eventstream (~> 1, >= 1.3.0)
      aws-partitions (~> 1, >= 1.992.0)
      aws-sigv4 (~> 1.9)
      base64
      bigdecimal
      jmespath (~> 1, >= 1.6.1)
      logger
    aws-sdk-kms (1.120.0)
      aws-sdk-core (~> 3, >= 3.241.3)
      aws-sigv4 (~> 1.5)
    aws-sdk-s3 (1.209.0)
      aws-sdk-core (~> 3, >= 3.234.0)
      aws-sdk-kms (~> 1)
      aws-sigv4 (~> 1.5)
    aws-sigv4 (1.12.1)
      aws-eventstream (~> 1, >= 1.0.2)
    base64 (0.3.0)
    bigdecimal (4.0.1)
    coderay (1.1.3)
    concurrent-ruby (1.3.6)
    connection_pool (3.0.2)
    crack (1.0.1)
      bigdecimal
      rexml
    csv (3.3.5)
    database_cleaner (2.1.0)
      database_cleaner-active_record (>= 2, < 3)
    database_cleaner-active_record (2.2.2)
      activerecord (>= 5.a)
      database_cleaner-core (~> 2.0)
    database_cleaner-core (2.0.1)
    diff-lcs (1.6.2)
    drb (2.2.3)
    epb-auth-tools (1.1.0)
      jwt (~> 2.3)
      oauth2 (>= 1.4, < 3.0)
    epb_view_models (2.1.8)
      nokogiri (~> 1.16)
      zeitwerk (~> 2.6)
    faraday (2.14.0)
      faraday-net_http (>= 2.0, < 3.5)
      json
      logger
    faraday-mashify (1.0.2)
      faraday (~> 2.0)
      hashie
    faraday-multipart (1.2.0)
      multipart-post (~> 2.0)
    faraday-net_http (3.4.2)
      net-http (~> 0.5)
    geocoder (1.8.6)
      base64 (>= 0.1.0)
      csv (>= 3.0.0)
    gli (2.22.2)
      ostruct
    hashdiff (1.2.1)
    hashie (5.1.0)
      logger
    i18n (1.14.8)
      concurrent-ruby (~> 1.0)
    io-like (0.4.0)
    jmespath (1.6.2)
    json (2.18.0)
    json-schema (6.1.0)
      addressable (~> 2.8)
      bigdecimal (>= 3.1, < 5)
    jwt (2.10.2)
      base64
    language_server-protocol (3.17.0.5)
    lint_roller (1.1.0)
    logger (1.7.0)
    method_source (1.1.0)
    mini_portile2 (2.8.9)
    minitest (6.0.1)
      prism (~> 1.5)
    mock_redis (0.53.0)
      redis (~> 5)
    multi_json (1.19.1)
    multi_xml (0.8.1)
      bigdecimal (>= 3.1, < 5)
    multipart-post (2.4.1)
    murmurhash3 (0.1.7)
    mustermann (3.0.4)
      ruby2_keywords (~> 0.0.1)
    namecase (2.0.0)
    net-http (0.9.1)
      uri (>= 0.11.1)
    nio4r (2.7.5)
    nokogiri (1.19.0)
      mini_portile2 (~> 2.8.2)
      racc (~> 1.4)
    oauth2 (2.0.18)
      faraday (>= 0.17.3, < 4.0)
      jwt (>= 1.0, < 4.0)
      logger (~> 1.2)
      multi_xml (~> 0.5)
      rack (>= 1.2, < 4)
      snaky_hash (~> 2.0, >= 2.0.3)
      version_gem (~> 1.1, >= 1.1.9)
    oj (3.16.13)
      bigdecimal (>= 3.0)
      ostruct (>= 0.2)
    ostruct (0.6.3)
    ougai (2.0.0)
      oj (~> 3.10)
    parallel (1.27.0)
    parser (3.3.10.0)
      ast (~> 2.4.1)
      racc
    pg (1.6.3)
    prism (1.7.0)
    pry (0.15.2)
      coderay (~> 1.1)
      method_source (~> 1.0)
    public_suffix (7.0.2)
    puma (7.1.0)
      nio4r (~> 2.0)
    racc (1.8.1)
    rack (3.2.4)
    rack-protection (4.2.1)
      base64 (>= 0.1.0)
      logger (>= 1.6.0)
      rack (>= 3.0.0, < 4)
    rack-session (2.1.1)
      base64 (>= 0.1.0)
      rack (>= 3.0.0)
    rack-test (2.2.0)
      rack (>= 1.3)
    rackup (2.3.1)
      rack (>= 3)
    rainbow (3.1.1)
    rake (13.3.1)
    redis (5.4.1)
      redis-client (>= 0.22.0)
    redis-client (0.26.3)
      connection_pool
    regexp_parser (2.11.3)
    rexml (3.4.4)
    rspec (3.13.2)
      rspec-core (~> 3.13.0)
      rspec-expectations (~> 3.13.0)
      rspec-mocks (~> 3.13.0)
    rspec-core (3.13.6)
      rspec-support (~> 3.13.0)
    rspec-expectations (3.13.5)
      diff-lcs (>= 1.2.0, < 2.0)
      rspec-support (~> 3.13.0)
    rspec-mocks (3.13.7)
      diff-lcs (>= 1.2.0, < 2.0)
      rspec-support (~> 3.13.0)
    rspec-support (3.13.6)
    rubocop (1.79.2)
      json (~> 2.3)
      language_server-protocol (~> 3.17.0.2)
      lint_roller (~> 1.1.0)
      parallel (~> 1.10)
      parser (>= 3.3.0.2)
      rainbow (>= 2.2.2, < 4.0)
      regexp_parser (>= 2.9.3, < 3.0)
      rubocop-ast (>= 1.46.0, < 2.0)
      ruby-progressbar (~> 1.7)
      unicode-display_width (>= 2.4.0, < 4.0)
    rubocop-ast (1.46.0)
      parser (>= 3.3.7.2)
      prism (~> 1.4)
    rubocop-capybara (2.22.1)
      lint_roller (~> 1.1)
      rubocop (~> 1.72, >= 1.72.1)
    rubocop-govuk (5.1.20)
      rubocop (= 1.79.2)
      rubocop-ast (= 1.46.0)
      rubocop-capybara (= 2.22.1)
      rubocop-rails (= 2.33.3)
      rubocop-rake (= 0.7.1)
      rubocop-rspec (= 3.6.0)
    rubocop-performance (1.26.0)
      lint_roller (~> 1.1)
      rubocop (>= 1.75.0, < 2.0)
      rubocop-ast (>= 1.44.0, < 2.0)
    rubocop-rails (2.33.3)
      activesupport (>= 4.2.0)
      lint_roller (~> 1.1)
      rack (>= 1.1)
      rubocop (>= 1.75.0, < 2.0)
      rubocop-ast (>= 1.44.0, < 2.0)
    rubocop-rake (0.7.1)
      lint_roller (~> 1.1)
      rubocop (>= 1.72.1)
    rubocop-rspec (3.6.0)
      lint_roller (~> 1.1)
      rubocop (~> 1.72, >= 1.72.1)
    ruby-progressbar (1.13.0)
    ruby2_keywords (0.0.5)
    rubyzip (3.2.2)
    securerandom (0.4.1)
    sentry-ruby (6.2.0)
      bigdecimal
      concurrent-ruby (~> 1.0, >= 1.0.2)
    sinatra (4.2.1)
      logger (>= 1.6.0)
      mustermann (~> 3.0)
      rack (>= 3.0.0, < 4)
      rack-protection (= 4.2.1)
      rack-session (>= 2.0.0, < 3)
      tilt (~> 2.0)
    sinatra-activerecord (2.0.28)
      activerecord (>= 4.1)
      sinatra (>= 1.0)
    sinatra-contrib (4.2.1)
      multi_json (>= 0.0.2)
      mustermann (~> 3.0)
      rack-protection (= 4.2.1)
      sinatra (= 4.2.1)
      tilt (~> 2.0)
    sinatra-cross_origin (0.4.0)
    slack-ruby-client (3.1.0)
      faraday (>= 2.0.1)
      faraday-mashify
      faraday-multipart
      gli
      hashie
      logger
    snaky_hash (2.0.3)
      hashie (>= 0.1.0, < 6)
      version_gem (>= 1.1.8, < 3)
    tilt (2.6.1)
    timecop (0.9.10)
    timeout (0.6.0)
    tzinfo (2.0.6)
      concurrent-ruby (~> 1.0)
    unicode-display_width (3.2.0)
      unicode-emoji (~> 4.1)
    unicode-emoji (4.2.0)
    unleash (5.1.1)
      murmurhash3 (~> 0.1.7)
    uri (1.1.1)
    version_gem (1.1.9)
    webmock (3.26.1)
      addressable (>= 2.8.0)
      crack (>= 0.3.2)
      hashdiff (>= 0.4.0, < 2.0.0)
    wisper (3.0.0)
    wisper-rspec (1.1.0)
    zeitwerk (2.7.4)

PLATFORMS
  ruby

DEPENDENCIES
  activerecord (~> 8.1.2)
  archive-zip
  aws-sdk-s3 (= 1.209)
  csv (~> 3.3)
  database_cleaner
  epb-auth-tools (~> 1.1.0)
  epb_view_models (~> 2.1.8)
  geocoder (~> 1.8.6)
  json-schema (~> 6.0)
  mock_redis (~> 0.52)
  namecase (~> 2.0)
  nokogiri (~> 1.18)
  ougai (~> 2.0)
  parallel (~> 1.27)
  pg (~> 1.6)
  pry (~> 0.15.2)
  puma (~> 7.1)
  rack-test (~> 2.2.0)
  rackup (~> 2.1)
  rake (~> 13.2)
  redis (~> 5.4.1)
  rspec (~> 3.13)
  rubocop (~> 1.79.2)
  rubocop-govuk (~> 5.1)
  rubocop-performance
  rubyzip (~> 3.2)
  sentry-ruby (~> 6.0)
  sinatra (~> 4.2)
  sinatra-activerecord (~> 2.0.27)
  sinatra-contrib
  sinatra-cross_origin (~> 0.4.0)
  slack-ruby-client
  timecop (~> 0.9.10)
  unleash (~> 5.1.1)
  webmock (~> 3.23)
  wisper (~> 3.0.0)
  wisper-rspec (~> 1.0, >= 1.0.1)
  zeitwerk (~> 2.7.2)

RUBY VERSION
   ruby 3.4.7p58

BUNDLED WITH
   2.5.11
